{
  "name": "smartdynamoTriggerb76811fd",
  "version": "2.0.0",
  "lockfileVersion": 3,
  "requires": true,
  "packages": {
    "": {
      "name": "smartdynamoTriggerb76811fd",
      "version": "2.0.0",
      "license": "Apache-2.0",
      "dependencies": {
        "smartdynamoTriggerb76811fd": "file:"
      }
    },
    "node_modules/smartdynamoTriggerb76811fd": {
      "resolved": "",
      "link": true
    }
  }
}
